
Microsoft Visual Studio Solution File, Format Version 12.00
# Visual Studio Version 17
VisualStudioVersion = 17.5.002.0
MinimumVisualStudioVersion = 10.0.40219.1
Project("{9A19103F-16F7-4668-BE54-9A1E7A4F7556}") = "AdapterDesign", "AdapterDesign\AdapterDesign.csproj", "{63F32FBD-ADD7-485F-9FC4-70C9DBE3AE28}"
EndProject
Project("{9A19103F-16F7-4668-BE54-9A1E7A4F7556}") = "app", "BuilderDesign\app.csproj", "{F44B9335-E856-4F6E-8417-E4EF84AF17F8}"
EndProject
Global
	GlobalSection(SolutionConfigurationPlatforms) = preSolution
		Debug|Any CPU = Debug|Any CPU
		Release|Any CPU = Release|Any CPU
	EndGlobalSection
	GlobalSection(ProjectConfigurationPlatforms) = postSolution
		{63F32FBD-ADD7-485F-9FC4-70C9DBE3AE28}.Debug|Any CPU.ActiveCfg = Debug|Any CPU
		{63F32FBD-ADD7-485F-9FC4-70C9DBE3AE28}.Debug|Any CPU.Build.0 = Debug|Any CPU
		{63F32FBD-ADD7-485F-9FC4-70C9DBE3AE28}.Release|Any CPU.ActiveCfg = Release|Any CPU
		{63F32FBD-ADD7-485F-9FC4-70C9DBE3AE28}.Release|Any CPU.Build.0 = Release|Any CPU
		{F44B9335-E856-4F6E-8417-E4EF84AF17F8}.Debug|Any CPU.ActiveCfg = Debug|Any CPU
		{F44B9335-E856-4F6E-8417-E4EF84AF17F8}.Debug|Any CPU.Build.0 = Debug|Any CPU
		{F44B9335-E856-4F6E-8417-E4EF84AF17F8}.Release|Any CPU.ActiveCfg = Release|Any CPU
		{F44B9335-E856-4F6E-8417-E4EF84AF17F8}.Release|Any CPU.Build.0 = Release|Any CPU
	EndGlobalSection
	GlobalSection(SolutionProperties) = preSolution
		HideSolutionNode = FALSE
	EndGlobalSection
	GlobalSection(ExtensibilityGlobals) = postSolution
		SolutionGuid = {A2316FB4-F84C-4696-9BE6-28B93662AC5B}
	EndGlobalSection
EndGlobal
